<?xml version="1.0" encoding="utf-8"?>
<Project ToolsVersion="4.0" xmlns="http://schemas.microsoft.com/developer/msbuild/2003">
  <ItemGroup>
    <Filter Include="Source Files">
      <UniqueIdentifier>{4FC737F1-C7A5-4376-A066-2A32D752A2FF}</UniqueIdentifier>
      <Extensions>cpp;c;cc;cxx;def;odl;idl;hpj;bat;asm;asmx</Extensions>
    </Filter>
    <Filter Include="Header Files">
      <UniqueIdentifier>{93995380-89BD-4b04-88EB-625FBE52EBFB}</UniqueIdentifier>
      <Extensions>h;hh;hpp;hxx;hm;inl;inc;xsd</Extensions>
    </Filter>
    <Filter Include="Resource Files">
      <UniqueIdentifier>{67DA6AB6-F800-4c08-8B7A-83BB121AAD01}</UniqueIdentifier>
      <Extensions>rc;ico;cur;bmp;dlg;rc2;rct;bin;rgs;gif;jpg;jpeg;jpe;resx;tiff;tif;png;wav</Extensions>
    </Filter>
  </ItemGroup>
  <ItemGroup>
    <ClCompile Include="Main.cpp">
      <Filter>Source Files</Filter>
    </ClCompile>
    <ClCompile Include="MainChess.cpp">
      <Filter>Source Files</Filter>
    </ClCompile>
    <ClCompile Include="cmake-build-debug\cmakefiles\3.15.3\compileridc\CMakeCCompilerId.c">
      <Filter>Source Files</Filter>
    </ClCompile>
    <ClCompile Include="cmake-build-debug\cmakefiles\3.15.3\compileridcxx\CMakeCXXCompilerId.cpp">
      <Filter>Source Files</Filter>
    </ClCompile>
    <ClCompile Include="cmake-build-debug\cmakefiles\3.16.5\compileridc\CMakeCCompilerId.c">
      <Filter>Source Files</Filter>
    </ClCompile>
    <ClCompile Include="cmake-build-debug\cmakefiles\3.16.5\compileridcxx\CMakeCXXCompilerId.cpp">
      <Filter>Source Files</Filter>
    </ClCompile>
    <ClCompile Include="cmakefiles\3.16.5\compileridc\CMakeCCompilerId.c">
      <Filter>Source Files</Filter>
    </ClCompile>
    <ClCompile Include="cmakefiles\3.16.5\compileridcxx\CMakeCXXCompilerId.cpp">
      <Filter>Source Files</Filter>
    </ClCompile>
    <ClCompile Include="graphics\glad\src\glad.c">
      <Filter>Source Files</Filter>
    </ClCompile>
    <ClCompile Include="io\stb-master\stb_vorbis.c">
      <Filter>Source Files</Filter>
    </ClCompile>
    <ClCompile Include="io\stb-master\deprecated\stb_image.c">
      <Filter>Source Files</Filter>
    </ClCompile>
    <ClCompile Include="io\stb-master\tests\resample_test.cpp">
      <Filter>Source Files</Filter>
    </ClCompile>
    <ClCompile Include="io\stb-master\tests\stb_cpp.cpp">
      <Filter>Source Files</Filter>
    </ClCompile>
    <ClCompile Include="io\stb-master\tests\stb_png_read_fuzzer.cpp">
      <Filter>Source Files</Filter>
    </ClCompile>
    <ClCompile Include="io\stb-master\tests\test_cpp_compilation.cpp">
      <Filter>Source Files</Filter>
    </ClCompile>
    <ClCompile Include="io\stb-master\tests\test_ds_cpp.cpp">
      <Filter>Source Files</Filter>
    </ClCompile>
    <ClCompile Include="io\stb-master\tests\c_lexer_test.c">
      <Filter>Source Files</Filter>
    </ClCompile>
    <ClCompile Include="io\stb-master\tests\grid_reachability.c">
      <Filter>Source Files</Filter>
    </ClCompile>
    <ClCompile Include="io\stb-master\tests\herringbone_generator.c">
      <Filter>Source Files</Filter>
    </ClCompile>
    <ClCompile Include="io\stb-master\tests\herringbone_map.c">
      <Filter>Source Files</Filter>
    </ClCompile>
    <ClCompile Include="io\stb-master\tests\image_test.c">
      <Filter>Source Files</Filter>
    </ClCompile>
    <ClCompile Include="io\stb-master\tests\image_write_test.c">
      <Filter>Source Files</Filter>
    </ClCompile>
    <ClCompile Include="io\stb-master\tests\resample_test_c.c">
      <Filter>Source Files</Filter>
    </ClCompile>
    <ClCompile Include="io\stb-master\tests\stb.c">
      <Filter>Source Files</Filter>
    </ClCompile>
    <ClCompile Include="io\stb-master\tests\stblib_test.c">
      <Filter>Source Files</Filter>
    </ClCompile>
    <ClCompile Include="io\stb-master\tests\stblib_test_companion.c">
      <Filter>Source Files</Filter>
    </ClCompile>
    <ClCompile Include="io\stb-master\tests\stb_static.c">
      <Filter>Source Files</Filter>
    </ClCompile>
    <ClCompile Include="io\stb-master\tests\stretchy_buffer_test.c">
      <Filter>Source Files</Filter>
    </ClCompile>
    <ClCompile Include="io\stb-master\tests\stretch_test.c">
      <Filter>Source Files</Filter>
    </ClCompile>
    <ClCompile Include="io\stb-master\tests\test_c_compilation.c">
      <Filter>Source Files</Filter>
    </ClCompile>
    <ClCompile Include="io\stb-master\tests\test_c_lexer.c">
      <Filter>Source Files</Filter>
    </ClCompile>
    <ClCompile Include="io\stb-master\tests\test_ds.c">
      <Filter>Source Files</Filter>
    </ClCompile>
    <ClCompile Include="io\stb-master\tests\test_dxt.c">
      <Filter>Source Files</Filter>
    </ClCompile>
    <ClCompile Include="io\stb-master\tests\test_easyfont.c">
      <Filter>Source Files</Filter>
    </ClCompile>
    <ClCompile Include="io\stb-master\tests\test_image.c">
      <Filter>Source Files</Filter>
    </ClCompile>
    <ClCompile Include="io\stb-master\tests\test_image_write.c">
      <Filter>Source Files</Filter>
    </ClCompile>
    <ClCompile Include="io\stb-master\tests\test_perlin.c">
      <Filter>Source Files</Filter>
    </ClCompile>
    <ClCompile Include="io\stb-master\tests\test_siphash.c">
      <Filter>Source Files</Filter>
    </ClCompile>
    <ClCompile Include="io\stb-master\tests\test_sprintf.c">
      <Filter>Source Files</Filter>
    </ClCompile>
    <ClCompile Include="io\stb-master\tests\test_truetype.c">
      <Filter>Source Files</Filter>
    </ClCompile>
    <ClCompile Include="io\stb-master\tests\test_vorbis.c">
      <Filter>Source Files</Filter>
    </ClCompile>
    <ClCompile Include="io\stb-master\tests\test_voxel.c">
      <Filter>Source Files</Filter>
    </ClCompile>
    <ClCompile Include="io\stb-master\tests\textedit_sample.c">
      <Filter>Source Files</Filter>
    </ClCompile>
    <ClCompile Include="io\stb-master\tests\tilemap_editor_integration_example.c">
      <Filter>Source Files</Filter>
    </ClCompile>
    <ClCompile Include="io\stb-master\tests\caveview\cave_main.c">
      <Filter>Source Files</Filter>
    </ClCompile>
    <ClCompile Include="io\stb-master\tests\caveview\cave_mesher.c">
      <Filter>Source Files</Filter>
    </ClCompile>
    <ClCompile Include="io\stb-master\tests\caveview\cave_parse.c">
      <Filter>Source Files</Filter>
    </ClCompile>
    <ClCompile Include="io\stb-master\tests\caveview\cave_render.c">
      <Filter>Source Files</Filter>
    </ClCompile>
    <ClCompile Include="io\stb-master\tests\caveview\main.c">
      <Filter>Source Files</Filter>
    </ClCompile>
    <ClCompile Include="io\stb-master\tests\caveview\win32\SDL_windows_main.c">
      <Filter>Source Files</Filter>
    </ClCompile>
    <ClCompile Include="io\stb-master\tests\oversample\main.c">
      <Filter>Source Files</Filter>
    </ClCompile>
    <ClCompile Include="io\stb-master\tests\pg_test\pg_test.c">
      <Filter>Source Files</Filter>
    </ClCompile>
    <ClCompile Include="io\stb-master\tests\sdf\sdf_test.c">
      <Filter>Source Files</Filter>
    </ClCompile>
    <ClCompile Include="io\stb-master\tests\vorbseek\vorbseek.c">
      <Filter>Source Files</Filter>
    </ClCompile>
    <ClCompile Include="io\stb-master\tools\build_matrix.c">
      <Filter>Source Files</Filter>
    </ClCompile>
    <ClCompile Include="io\stb-master\tools\easy_font_maker.c">
      <Filter>Source Files</Filter>
    </ClCompile>
    <ClCompile Include="io\stb-master\tools\make_readme.c">
      <Filter>Source Files</Filter>
    </ClCompile>
    <ClCompile Include="io\stb-master\tools\trailing_whitespace.c">
      <Filter>Source Files</Filter>
    </ClCompile>
    <ClCompile Include="io\stb-master\tools\unicode.c">
      <Filter>Source Files</Filter>
    </ClCompile>
    <ClCompile Include="matrix\FloatArray.cpp">
      <Filter>Source Files</Filter>
    </ClCompile>
    <ClCompile Include="matrix\Matrix.cpp">
      <Filter>Source Files</Filter>
    </ClCompile>
    <ClCompile Include="matrix\SquareMatrix.cpp">
      <Filter>Source Files</Filter>
    </ClCompile>
    <ClCompile Include="matrix\StandardMatrix.cpp">
      <Filter>Source Files</Filter>
    </ClCompile>
    <ClCompile Include="model\Box.cpp">
      <Filter>Source Files</Filter>
    </ClCompile>
    <ClCompile Include="model\Material.cpp">
      <Filter>Source Files</Filter>
    </ClCompile>
    <ClCompile Include="model\Model.cpp">
      <Filter>Source Files</Filter>
    </ClCompile>
    <ClCompile Include="model\Object.cpp">
      <Filter>Source Files</Filter>
    </ClCompile>
    <ClCompile Include="model\Triangle.cpp">
      <Filter>Source Files</Filter>
    </ClCompile>
    <ClCompile Include="model\light\Light.cpp">
      <Filter>Source Files</Filter>
    </ClCompile>
    <ClCompile Include="model\light\OmniLight.cpp">
      <Filter>Source Files</Filter>
    </ClCompile>
    <ClCompile Include="model\light\SpotLight.cpp">
      <Filter>Source Files</Filter>
    </ClCompile>
    <ClCompile Include="utilities\Camera.cpp">
      <Filter>Source Files</Filter>
    </ClCompile>
    <ClCompile Include="utilities\Color.cpp">
      <Filter>Source Files</Filter>
    </ClCompile>
    <ClCompile Include="utilities\Ray.cpp">
      <Filter>Source Files</Filter>
    </ClCompile>
    <ClCompile Include="vector\Float2.cpp">
      <Filter>Source Files</Filter>
    </ClCompile>
    <ClCompile Include="vector\Float3.cpp">
      <Filter>Source Files</Filter>
    </ClCompile>
    <ClCompile Include="vector\Float4.cpp">
      <Filter>Source Files</Filter>
    </ClCompile>
    <ClCompile Include="vector\FloatVector.cpp">
      <Filter>Source Files</Filter>
    </ClCompile>
    <ClCompile Include="_notproject_exercises\MainTest.cpp">
      <Filter>Source Files</Filter>
    </ClCompile>
    <ClCompile Include="_notproject_exercises\MainTextureE2.cpp">
      <Filter>Source Files</Filter>
    </ClCompile>
  </ItemGroup>
  <ItemGroup>
    <ClInclude Include="exception\ExceptionNotifier.h">
      <Filter>Header Files</Filter>
    </ClInclude>
    <ClInclude Include="graphics\GL_Loader.h">
      <Filter>Header Files</Filter>
    </ClInclude>
    <ClInclude Include="graphics\GL_Loader_Ex1Chess.h">
      <Filter>Header Files</Filter>
    </ClInclude>
    <ClInclude Include="graphics\Shaders.h">
      <Filter>Header Files</Filter>
    </ClInclude>
    <ClInclude Include="graphics\assimp\include\assimp\aabb.h">
      <Filter>Header Files</Filter>
    </ClInclude>
    <ClInclude Include="graphics\assimp\include\assimp\ai_assert.h">
      <Filter>Header Files</Filter>
    </ClInclude>
    <ClInclude Include="graphics\assimp\include\assimp\anim.h">
      <Filter>Header Files</Filter>
    </ClInclude>
    <ClInclude Include="graphics\assimp\include\assimp\BaseImporter.h">
      <Filter>Header Files</Filter>
    </ClInclude>
    <ClInclude Include="graphics\assimp\include\assimp\Bitmap.h">
      <Filter>Header Files</Filter>
    </ClInclude>
    <ClInclude Include="graphics\assimp\include\assimp\BlobIOSystem.h">
      <Filter>Header Files</Filter>
    </ClInclude>
    <ClInclude Include="graphics\assimp\include\assimp\ByteSwapper.h">
      <Filter>Header Files</Filter>
    </ClInclude>
    <ClInclude Include="graphics\assimp\include\assimp\camera.h">
      <Filter>Header Files</Filter>
    </ClInclude>
    <ClInclude Include="graphics\assimp\include\assimp\cexport.h">
      <Filter>Header Files</Filter>
    </ClInclude>
    <ClInclude Include="graphics\assimp\include\assimp\cfileio.h">
      <Filter>Header Files</Filter>
    </ClInclude>
    <ClInclude Include="graphics\assimp\include\assimp\cimport.h">
      <Filter>Header Files</Filter>
    </ClInclude>
    <ClInclude Include="graphics\assimp\include\assimp\color4.h">
      <Filter>Header Files</Filter>
    </ClInclude>
    <ClInclude Include="graphics\assimp\include\assimp\config.h">
      <Filter>Header Files</Filter>
    </ClInclude>
    <ClInclude Include="graphics\assimp\include\assimp\CreateAnimMesh.h">
      <Filter>Header Files</Filter>
    </ClInclude>
    <ClInclude Include="graphics\assimp\include\assimp\DefaultIOStream.h">
      <Filter>Header Files</Filter>
    </ClInclude>
    <ClInclude Include="graphics\assimp\include\assimp\DefaultIOSystem.h">
      <Filter>Header Files</Filter>
    </ClInclude>
    <ClInclude Include="graphics\assimp\include\assimp\Defines.h">
      <Filter>Header Files</Filter>
    </ClInclude>
    <ClInclude Include="graphics\assimp\include\assimp\defs.h">
      <Filter>Header Files</Filter>
    </ClInclude>
    <ClInclude Include="graphics\assimp\include\assimp\Exceptional.h">
      <Filter>Header Files</Filter>
    </ClInclude>
    <ClInclude Include="graphics\assimp\include\assimp\fast_atof.h">
      <Filter>Header Files</Filter>
    </ClInclude>
    <ClInclude Include="graphics\assimp\include\assimp\GenericProperty.h">
      <Filter>Header Files</Filter>
    </ClInclude>
    <ClInclude Include="graphics\assimp\include\assimp\Hash.h">
      <Filter>Header Files</Filter>
    </ClInclude>
    <ClInclude Include="graphics\assimp\include\assimp\importerdesc.h">
      <Filter>Header Files</Filter>
    </ClInclude>
    <ClInclude Include="graphics\assimp\include\assimp\IOStreamBuffer.h">
      <Filter>Header Files</Filter>
    </ClInclude>
    <ClInclude Include="graphics\assimp\include\assimp\irrXMLWrapper.h">
      <Filter>Header Files</Filter>
    </ClInclude>
    <ClInclude Include="graphics\assimp\include\assimp\light.h">
      <Filter>Header Files</Filter>
    </ClInclude>
    <ClInclude Include="graphics\assimp\include\assimp\LineSplitter.h">
      <Filter>Header Files</Filter>
    </ClInclude>
    <ClInclude Include="graphics\assimp\include\assimp\LogAux.h">
      <Filter>Header Files</Filter>
    </ClInclude>
    <ClInclude Include="graphics\assimp\include\assimp\Macros.h">
      <Filter>Header Files</Filter>
    </ClInclude>
    <ClInclude Include="graphics\assimp\include\assimp\material.h">
      <Filter>Header Files</Filter>
    </ClInclude>
    <ClInclude Include="graphics\assimp\include\assimp\MathFunctions.h">
      <Filter>Header Files</Filter>
    </ClInclude>
    <ClInclude Include="graphics\assimp\include\assimp\matrix3x3.h">
      <Filter>Header Files</Filter>
    </ClInclude>
    <ClInclude Include="graphics\assimp\include\assimp\matrix4x4.h">
      <Filter>Header Files</Filter>
    </ClInclude>
    <ClInclude Include="graphics\assimp\include\assimp\MemoryIOWrapper.h">
      <Filter>Header Files</Filter>
    </ClInclude>
    <ClInclude Include="graphics\assimp\include\assimp\mesh.h">
      <Filter>Header Files</Filter>
    </ClInclude>
    <ClInclude Include="graphics\assimp\include\assimp\metadata.h">
      <Filter>Header Files</Filter>
    </ClInclude>
    <ClInclude Include="graphics\assimp\include\assimp\ParsingUtils.h">
      <Filter>Header Files</Filter>
    </ClInclude>
    <ClInclude Include="graphics\assimp\include\assimp\pbrmaterial.h">
      <Filter>Header Files</Filter>
    </ClInclude>
    <ClInclude Include="graphics\assimp\include\assimp\postprocess.h">
      <Filter>Header Files</Filter>
    </ClInclude>
    <ClInclude Include="graphics\assimp\include\assimp\Profiler.h">
      <Filter>Header Files</Filter>
    </ClInclude>
    <ClInclude Include="graphics\assimp\include\assimp\qnan.h">
      <Filter>Header Files</Filter>
    </ClInclude>
    <ClInclude Include="graphics\assimp\include\assimp\quaternion.h">
      <Filter>Header Files</Filter>
    </ClInclude>
    <ClInclude Include="graphics\assimp\include\assimp\RemoveComments.h">
      <Filter>Header Files</Filter>
    </ClInclude>
    <ClInclude Include="graphics\assimp\include\assimp\scene.h">
      <Filter>Header Files</Filter>
    </ClInclude>
    <ClInclude Include="graphics\assimp\include\assimp\SceneCombiner.h">
      <Filter>Header Files</Filter>
    </ClInclude>
    <ClInclude Include="graphics\assimp\include\assimp\SGSpatialSort.h">
      <Filter>Header Files</Filter>
    </ClInclude>
    <ClInclude Include="graphics\assimp\include\assimp\SkeletonMeshBuilder.h">
      <Filter>Header Files</Filter>
    </ClInclude>
    <ClInclude Include="graphics\assimp\include\assimp\SmoothingGroups.h">
      <Filter>Header Files</Filter>
    </ClInclude>
    <ClInclude Include="graphics\assimp\include\assimp\SpatialSort.h">
      <Filter>Header Files</Filter>
    </ClInclude>
    <ClInclude Include="graphics\assimp\include\assimp\StandardShapes.h">
      <Filter>Header Files</Filter>
    </ClInclude>
    <ClInclude Include="graphics\assimp\include\assimp\StreamReader.h">
      <Filter>Header Files</Filter>
    </ClInclude>
    <ClInclude Include="graphics\assimp\include\assimp\StreamWriter.h">
      <Filter>Header Files</Filter>
    </ClInclude>
    <ClInclude Include="graphics\assimp\include\assimp\StringComparison.h">
      <Filter>Header Files</Filter>
    </ClInclude>
    <ClInclude Include="graphics\assimp\include\assimp\StringUtils.h">
      <Filter>Header Files</Filter>
    </ClInclude>
    <ClInclude Include="graphics\assimp\include\assimp\Subdivision.h">
      <Filter>Header Files</Filter>
    </ClInclude>
    <ClInclude Include="graphics\assimp\include\assimp\texture.h">
      <Filter>Header Files</Filter>
    </ClInclude>
    <ClInclude Include="graphics\assimp\include\assimp\TinyFormatter.h">
      <Filter>Header Files</Filter>
    </ClInclude>
    <ClInclude Include="graphics\assimp\include\assimp\types.h">
      <Filter>Header Files</Filter>
    </ClInclude>
    <ClInclude Include="graphics\assimp\include\assimp\vector2.h">
      <Filter>Header Files</Filter>
    </ClInclude>
    <ClInclude Include="graphics\assimp\include\assimp\vector3.h">
      <Filter>Header Files</Filter>
    </ClInclude>
    <ClInclude Include="graphics\assimp\include\assimp\version.h">
      <Filter>Header Files</Filter>
    </ClInclude>
    <ClInclude Include="graphics\assimp\include\assimp\Vertex.h">
      <Filter>Header Files</Filter>
    </ClInclude>
    <ClInclude Include="graphics\assimp\include\assimp\XMLTools.h">
      <Filter>Header Files</Filter>
    </ClInclude>
    <ClInclude Include="graphics\assimp\include\assimp\ZipArchiveIOSystem.h">
      <Filter>Header Files</Filter>
    </ClInclude>
    <ClInclude Include="graphics\assimp\include\assimp\DefaultLogger.hpp">
      <Filter>Header Files</Filter>
    </ClInclude>
    <ClInclude Include="graphics\assimp\include\assimp\Exporter.hpp">
      <Filter>Header Files</Filter>
    </ClInclude>
    <ClInclude Include="graphics\assimp\include\assimp\Importer.hpp">
      <Filter>Header Files</Filter>
    </ClInclude>
    <ClInclude Include="graphics\assimp\include\assimp\IOStream.hpp">
      <Filter>Header Files</Filter>
    </ClInclude>
    <ClInclude Include="graphics\assimp\include\assimp\IOSystem.hpp">
      <Filter>Header Files</Filter>
    </ClInclude>
    <ClInclude Include="graphics\assimp\include\assimp\Logger.hpp">
      <Filter>Header Files</Filter>
    </ClInclude>
    <ClInclude Include="graphics\assimp\include\assimp\LogStream.hpp">
      <Filter>Header Files</Filter>
    </ClInclude>
    <ClInclude Include="graphics\assimp\include\assimp\NullLogger.hpp">
      <Filter>Header Files</Filter>
    </ClInclude>
    <ClInclude Include="graphics\assimp\include\assimp\ProgressHandler.hpp">
      <Filter>Header Files</Filter>
    </ClInclude>
    <ClInclude Include="graphics\assimp\include\assimp\compiler\poppack1.h">
      <Filter>Header Files</Filter>
    </ClInclude>
    <ClInclude Include="graphics\assimp\include\assimp\compiler\pstdint.h">
      <Filter>Header Files</Filter>
    </ClInclude>
    <ClInclude Include="graphics\assimp\include\assimp\compiler\pushpack1.h">
      <Filter>Header Files</Filter>
    </ClInclude>
    <ClInclude Include="graphics\assimp\include\assimp\port\androidjni\AndroidJNIIOSystem.h">
      <Filter>Header Files</Filter>
    </ClInclude>
    <ClInclude Include="graphics\glad\include\glad\glad.h">
      <Filter>Header Files</Filter>
    </ClInclude>
    <ClInclude Include="graphics\glad\include\khr\khrplatform.h">
      <Filter>Header Files</Filter>
    </ClInclude>
    <ClInclude Include="graphics\glfw-3.3.2.bin.win64\include\glfw\glfw3.h">
      <Filter>Header Files</Filter>
    </ClInclude>
    <ClInclude Include="graphics\glfw-3.3.2.bin.win64\include\glfw\glfw3native.h">
      <Filter>Header Files</Filter>
    </ClInclude>
    <ClInclude Include="io\rapidxml-1.13\rapidxml.hpp">
      <Filter>Header Files</Filter>
    </ClInclude>
    <ClInclude Include="io\rapidxml-1.13\rapidxml_iterators.hpp">
      <Filter>Header Files</Filter>
    </ClInclude>
    <ClInclude Include="io\rapidxml-1.13\rapidxml_print.hpp">
      <Filter>Header Files</Filter>
    </ClInclude>
    <ClInclude Include="io\rapidxml-1.13\rapidxml_utils.hpp">
      <Filter>Header Files</Filter>
    </ClInclude>
    <ClInclude Include="io\stb-master\stb.h">
      <Filter>Header Files</Filter>
    </ClInclude>
    <ClInclude Include="io\stb-master\stb_connected_components.h">
      <Filter>Header Files</Filter>
    </ClInclude>
    <ClInclude Include="io\stb-master\stb_c_lexer.h">
      <Filter>Header Files</Filter>
    </ClInclude>
    <ClInclude Include="io\stb-master\stb_divide.h">
      <Filter>Header Files</Filter>
    </ClInclude>
    <ClInclude Include="io\stb-master\stb_ds.h">
      <Filter>Header Files</Filter>
    </ClInclude>
    <ClInclude Include="io\stb-master\stb_dxt.h">
      <Filter>Header Files</Filter>
    </ClInclude>
    <ClInclude Include="io\stb-master\stb_easy_font.h">
      <Filter>Header Files</Filter>
    </ClInclude>
    <ClInclude Include="io\stb-master\stb_herringbone_wang_tile.h">
      <Filter>Header Files</Filter>
    </ClInclude>
    <ClInclude Include="io\stb-master\stb_image.h">
      <Filter>Header Files</Filter>
    </ClInclude>
    <ClInclude Include="io\stb-master\stb_image_resize.h">
      <Filter>Header Files</Filter>
    </ClInclude>
    <ClInclude Include="io\stb-master\stb_image_write.h">
      <Filter>Header Files</Filter>
    </ClInclude>
    <ClInclude Include="io\stb-master\stb_include.h">
      <Filter>Header Files</Filter>
    </ClInclude>
    <ClInclude Include="io\stb-master\stb_leakcheck.h">
      <Filter>Header Files</Filter>
    </ClInclude>
    <ClInclude Include="io\stb-master\stb_perlin.h">
      <Filter>Header Files</Filter>
    </ClInclude>
    <ClInclude Include="io\stb-master\stb_rect_pack.h">
      <Filter>Header Files</Filter>
    </ClInclude>
    <ClInclude Include="io\stb-master\stb_sprintf.h">
      <Filter>Header Files</Filter>
    </ClInclude>
    <ClInclude Include="io\stb-master\stb_textedit.h">
      <Filter>Header Files</Filter>
    </ClInclude>
    <ClInclude Include="io\stb-master\stb_tilemap_editor.h">
      <Filter>Header Files</Filter>
    </ClInclude>
    <ClInclude Include="io\stb-master\stb_truetype.h">
      <Filter>Header Files</Filter>
    </ClInclude>
    <ClInclude Include="io\stb-master\stb_voxel_render.h">
      <Filter>Header Files</Filter>
    </ClInclude>
    <ClInclude Include="io\stb-master\stretchy_buffer.h">
      <Filter>Header Files</Filter>
    </ClInclude>
    <ClInclude Include="io\stb-master\deprecated\rrsprintf.h">
      <Filter>Header Files</Filter>
    </ClInclude>
    <ClInclude Include="io\stb-master\tests\caveview\caveview.h">
      <Filter>Header Files</Filter>
    </ClInclude>
    <ClInclude Include="io\stb-master\tests\caveview\cave_parse.h">
      <Filter>Header Files</Filter>
    </ClInclude>
    <ClInclude Include="io\stb-master\tests\caveview\glext.h">
      <Filter>Header Files</Filter>
    </ClInclude>
    <ClInclude Include="io\stb-master\tests\caveview\glext_list.h">
      <Filter>Header Files</Filter>
    </ClInclude>
    <ClInclude Include="io\stb-master\tests\caveview\stb_gl.h">
      <Filter>Header Files</Filter>
    </ClInclude>
    <ClInclude Include="io\stb-master\tests\caveview\stb_glprog.h">
      <Filter>Header Files</Filter>
    </ClInclude>
    <ClInclude Include="io\stb-master\tests\oversample\stb_wingraph.h">
      <Filter>Header Files</Filter>
    </ClInclude>
    <ClInclude Include="io\stb-master\tests\prerelease\stb_lib.h">
      <Filter>Header Files</Filter>
    </ClInclude>
    <ClInclude Include="matrix\FloatArray.h">
      <Filter>Header Files</Filter>
    </ClInclude>
    <ClInclude Include="matrix\Matrix.h">
      <Filter>Header Files</Filter>
    </ClInclude>
    <ClInclude Include="matrix\SquareMatrix.h">
      <Filter>Header Files</Filter>
    </ClInclude>
    <ClInclude Include="matrix\StandardMatrix.h">
      <Filter>Header Files</Filter>
    </ClInclude>
    <ClInclude Include="model\Box.h">
      <Filter>Header Files</Filter>
    </ClInclude>
    <ClInclude Include="model\Material.h">
      <Filter>Header Files</Filter>
    </ClInclude>
    <ClInclude Include="model\Model.h">
      <Filter>Header Files</Filter>
    </ClInclude>
    <ClInclude Include="model\Object.h">
      <Filter>Header Files</Filter>
    </ClInclude>
    <ClInclude Include="model\Triangle.h">
      <Filter>Header Files</Filter>
    </ClInclude>
    <ClInclude Include="model\light\Light.h">
      <Filter>Header Files</Filter>
    </ClInclude>
    <ClInclude Include="model\light\OmniLight.h">
      <Filter>Header Files</Filter>
    </ClInclude>
    <ClInclude Include="model\light\SpotLight.h">
      <Filter>Header Files</Filter>
    </ClInclude>
    <ClInclude Include="utilities\Camera.h">
      <Filter>Header Files</Filter>
    </ClInclude>
    <ClInclude Include="utilities\Color.h">
      <Filter>Header Files</Filter>
    </ClInclude>
    <ClInclude Include="utilities\Ray.h">
      <Filter>Header Files</Filter>
    </ClInclude>
    <ClInclude Include="vector\Float2.h">
      <Filter>Header Files</Filter>
    </ClInclude>
    <ClInclude Include="vector\Float3.h">
      <Filter>Header Files</Filter>
    </ClInclude>
    <ClInclude Include="vector\Float4.h">
      <Filter>Header Files</Filter>
    </ClInclude>
    <ClInclude Include="vector\FloatVector.h">
      <Filter>Header Files</Filter>
    </ClInclude>
    <ClInclude Include="_notproject_exercises\graphics\GL_Loader_Ex2Texture.h">
      <Filter>Header Files</Filter>
    </ClInclude>
  </ItemGroup>
  <ItemGroup>
    <None Include="graphics\assimp\include\assimp\color4.inl">
      <Filter>Header Files</Filter>
    </None>
    <None Include="graphics\assimp\include\assimp\material.inl">
      <Filter>Header Files</Filter>
    </None>
    <None Include="graphics\assimp\include\assimp\matrix3x3.inl">
      <Filter>Header Files</Filter>
    </None>
    <None Include="graphics\assimp\include\assimp\matrix4x4.inl">
      <Filter>Header Files</Filter>
    </None>
    <None Include="graphics\assimp\include\assimp\quaternion.inl">
      <Filter>Header Files</Filter>
    </None>
    <None Include="graphics\assimp\include\assimp\SmoothingGroups.inl">
      <Filter>Header Files</Filter>
    </None>
    <None Include="graphics\assimp\include\assimp\vector2.inl">
      <Filter>Header Files</Filter>
    </None>
    <None Include="graphics\assimp\include\assimp\vector3.inl">
      <Filter>Header Files</Filter>
    </None>
    <None Include="cmake-build-debug\cmakefiles\3.15.3\CMakeDetermineCompilerABI_C.bin">
      <Filter>Resource Files</Filter>
    </None>
    <None Include="cmake-build-debug\cmakefiles\3.15.3\CMakeDetermineCompilerABI_CXX.bin">
      <Filter>Resource Files</Filter>
    </None>
    <None Include="cmake-build-debug\cmakefiles\3.16.5\CMakeDetermineCompilerABI_C.bin">
      <Filter>Resource Files</Filter>
    </None>
    <None Include="cmake-build-debug\cmakefiles\3.16.5\CMakeDetermineCompilerABI_CXX.bin">
      <Filter>Resource Files</Filter>
    </None>
    <None Include="cmakefiles\3.16.5\CMakeDetermineCompilerABI_C.bin">
      <Filter>Resource Files</Filter>
    </None>
    <None Include="cmakefiles\3.16.5\CMakeDetermineCompilerABI_CXX.bin">
      <Filter>Resource Files</Filter>
    </None>
    <None Include="cmake-build-debug\cmakefiles\cotecchiogame.dir\C.includecache" />
    <None Include="cmake-build-debug\cmakefiles\cotecchiogame.dir\CXX.includecache" />
    <None Include="cmakefiles\cotecchiogame.dir\C.includecache" />
    <None Include="cmakefiles\cotecchiogame.dir\CXX.includecache" />
    <None Include="io\rapidxml-1.13\manual.html" />
  </ItemGroup>
  <ItemGroup>
    <ResourceCompile Include="cmakefiles\cotecchiogame.dir\manifest.rc">
      <Filter>Resource Files</Filter>
    </ResourceCompile>
  </ItemGroup>
</Project>